{
  "object": {
    "pins": [
      {
        "package": "RxSwift",
        "repositoryURL": "https://github.com/ReactiveX/RxSwift.git",
        "state": {
          "branch": null,
          "revision": "b3e888b4972d9bc76495dd74d30a8c7fad4b9395",
          "version": "5.0.1"
        }
      },
      {
        "package": "RxTimelane",
        "repositoryURL": "https://github.com/iamszabo/RxTimelane",
        "state": {
          "branch": null,
          "revision": "c52aa894b9c545e1a5e64f153e24c82179ee3d87",
          "version": "3.0.0"
        }
      },
      {
        "package": "TimelaneCore",
        "repositoryURL": "https://github.com/iamszabo/TimelaneCore",
        "state": {
          "branch": null,
          "revision": "0ee670eb66c1bcde996c681dda368931d2b541f6",
          "version": "3.0.0"
        }
      }
    ]
  },
  "version": 1
}
